
Microsoft Visual Studio Solution File, Format Version 11.00
# Visual Studio 2010
Project("{FAE04EC0-301F-11D3-BF4B-00C04F79EFBC}") = "Example", "Example\Example.csproj", "{4B343EA2-A4A3-43C7-8FFB-76FD97A41244}"
EndProject
Project("{FAE04EC0-301F-11D3-BF4B-00C04F79EFBC}") = "ExampleTest", "ExampleTest\ExampleTest.csproj", "{00F08410-9E20-4F11-A4E5-23A187908F97}"
EndProject
Project("{2150E333-8FDC-42A3-9474-1A3956D46DE8}") = "Solution Items", "Solution Items", "{0DFD1FD8-30E2-4B29-81AE-7D8C67DAD5BF}"
	ProjectSection(SolutionItems) = preProject
		EfPersistenceTests.vsmdi = EfPersistenceTests.vsmdi
		Local.testsettings = Local.testsettings
		TraceAndTestImpact.testsettings = TraceAndTestImpact.testsettings
	EndProjectSection
EndProject
Project("{FAE04EC0-301F-11D3-BF4B-00C04F79EFBC}") = "Ketchup.EntityFramework", "Ketchup.EntityFramework\Ketchup.EntityFramework.csproj", "{163D1619-7C50-4961-966F-B63B2D51117B}"
EndProject
Project("{FAE04EC0-301F-11D3-BF4B-00C04F79EFBC}") = "MigratorGui", "MigratorGui\MigratorGui.csproj", "{60E7EB93-E88B-40C9-9A72-3F807ACF087F}"
EndProject
Project("{FAE04EC0-301F-11D3-BF4B-00C04F79EFBC}") = "ExampleMigrations", "ExampleMigrations\ExampleMigrations.csproj", "{3A11F0AD-3A07-4C58-959A-CB2B29E8F38B}"
EndProject
Global
	GlobalSection(TestCaseManagementSettings) = postSolution
		CategoryFile = EfPersistenceTests.vsmdi
	EndGlobalSection
	GlobalSection(SolutionConfigurationPlatforms) = preSolution
		Debug|Any CPU = Debug|Any CPU
		Debug|Mixed Platforms = Debug|Mixed Platforms
		Debug|x86 = Debug|x86
		Release|Any CPU = Release|Any CPU
		Release|Mixed Platforms = Release|Mixed Platforms
		Release|x86 = Release|x86
	EndGlobalSection
	GlobalSection(ProjectConfigurationPlatforms) = postSolution
		{4B343EA2-A4A3-43C7-8FFB-76FD97A41244}.Debug|Any CPU.ActiveCfg = Debug|Any CPU
		{4B343EA2-A4A3-43C7-8FFB-76FD97A41244}.Debug|Any CPU.Build.0 = Debug|Any CPU
		{4B343EA2-A4A3-43C7-8FFB-76FD97A41244}.Debug|Mixed Platforms.ActiveCfg = Debug|Any CPU
		{4B343EA2-A4A3-43C7-8FFB-76FD97A41244}.Debug|Mixed Platforms.Build.0 = Debug|Any CPU
		{4B343EA2-A4A3-43C7-8FFB-76FD97A41244}.Debug|x86.ActiveCfg = Debug|Any CPU
		{4B343EA2-A4A3-43C7-8FFB-76FD97A41244}.Release|Any CPU.ActiveCfg = Release|Any CPU
		{4B343EA2-A4A3-43C7-8FFB-76FD97A41244}.Release|Any CPU.Build.0 = Release|Any CPU
		{4B343EA2-A4A3-43C7-8FFB-76FD97A41244}.Release|Mixed Platforms.ActiveCfg = Release|Any CPU
		{4B343EA2-A4A3-43C7-8FFB-76FD97A41244}.Release|Mixed Platforms.Build.0 = Release|Any CPU
		{4B343EA2-A4A3-43C7-8FFB-76FD97A41244}.Release|x86.ActiveCfg = Release|Any CPU
		{00F08410-9E20-4F11-A4E5-23A187908F97}.Debug|Any CPU.ActiveCfg = Debug|Any CPU
		{00F08410-9E20-4F11-A4E5-23A187908F97}.Debug|Any CPU.Build.0 = Debug|Any CPU
		{00F08410-9E20-4F11-A4E5-23A187908F97}.Debug|Mixed Platforms.ActiveCfg = Debug|Any CPU
		{00F08410-9E20-4F11-A4E5-23A187908F97}.Debug|Mixed Platforms.Build.0 = Debug|Any CPU
		{00F08410-9E20-4F11-A4E5-23A187908F97}.Debug|x86.ActiveCfg = Debug|Any CPU
		{00F08410-9E20-4F11-A4E5-23A187908F97}.Release|Any CPU.ActiveCfg = Release|Any CPU
		{00F08410-9E20-4F11-A4E5-23A187908F97}.Release|Any CPU.Build.0 = Release|Any CPU
		{00F08410-9E20-4F11-A4E5-23A187908F97}.Release|Mixed Platforms.ActiveCfg = Release|Any CPU
		{00F08410-9E20-4F11-A4E5-23A187908F97}.Release|Mixed Platforms.Build.0 = Release|Any CPU
		{00F08410-9E20-4F11-A4E5-23A187908F97}.Release|x86.ActiveCfg = Release|Any CPU
		{163D1619-7C50-4961-966F-B63B2D51117B}.Debug|Any CPU.ActiveCfg = Debug|Any CPU
		{163D1619-7C50-4961-966F-B63B2D51117B}.Debug|Any CPU.Build.0 = Debug|Any CPU
		{163D1619-7C50-4961-966F-B63B2D51117B}.Debug|Mixed Platforms.ActiveCfg = Debug|Any CPU
		{163D1619-7C50-4961-966F-B63B2D51117B}.Debug|Mixed Platforms.Build.0 = Debug|Any CPU
		{163D1619-7C50-4961-966F-B63B2D51117B}.Debug|x86.ActiveCfg = Debug|Any CPU
		{163D1619-7C50-4961-966F-B63B2D51117B}.Release|Any CPU.ActiveCfg = Release|Any CPU
		{163D1619-7C50-4961-966F-B63B2D51117B}.Release|Any CPU.Build.0 = Release|Any CPU
		{163D1619-7C50-4961-966F-B63B2D51117B}.Release|Mixed Platforms.ActiveCfg = Release|Any CPU
		{163D1619-7C50-4961-966F-B63B2D51117B}.Release|Mixed Platforms.Build.0 = Release|Any CPU
		{163D1619-7C50-4961-966F-B63B2D51117B}.Release|x86.ActiveCfg = Release|Any CPU
		{60E7EB93-E88B-40C9-9A72-3F807ACF087F}.Debug|Any CPU.ActiveCfg = Debug|x86
		{60E7EB93-E88B-40C9-9A72-3F807ACF087F}.Debug|Mixed Platforms.ActiveCfg = Debug|x86
		{60E7EB93-E88B-40C9-9A72-3F807ACF087F}.Debug|Mixed Platforms.Build.0 = Debug|x86
		{60E7EB93-E88B-40C9-9A72-3F807ACF087F}.Debug|x86.ActiveCfg = Debug|x86
		{60E7EB93-E88B-40C9-9A72-3F807ACF087F}.Debug|x86.Build.0 = Debug|x86
		{60E7EB93-E88B-40C9-9A72-3F807ACF087F}.Release|Any CPU.ActiveCfg = Release|x86
		{60E7EB93-E88B-40C9-9A72-3F807ACF087F}.Release|Mixed Platforms.ActiveCfg = Release|x86
		{60E7EB93-E88B-40C9-9A72-3F807ACF087F}.Release|Mixed Platforms.Build.0 = Release|x86
		{60E7EB93-E88B-40C9-9A72-3F807ACF087F}.Release|x86.ActiveCfg = Release|x86
		{60E7EB93-E88B-40C9-9A72-3F807ACF087F}.Release|x86.Build.0 = Release|x86
		{3A11F0AD-3A07-4C58-959A-CB2B29E8F38B}.Debug|Any CPU.ActiveCfg = Debug|Any CPU
		{3A11F0AD-3A07-4C58-959A-CB2B29E8F38B}.Debug|Any CPU.Build.0 = Debug|Any CPU
		{3A11F0AD-3A07-4C58-959A-CB2B29E8F38B}.Debug|Mixed Platforms.ActiveCfg = Debug|Any CPU
		{3A11F0AD-3A07-4C58-959A-CB2B29E8F38B}.Debug|Mixed Platforms.Build.0 = Debug|Any CPU
		{3A11F0AD-3A07-4C58-959A-CB2B29E8F38B}.Debug|x86.ActiveCfg = Debug|Any CPU
		{3A11F0AD-3A07-4C58-959A-CB2B29E8F38B}.Release|Any CPU.ActiveCfg = Release|Any CPU
		{3A11F0AD-3A07-4C58-959A-CB2B29E8F38B}.Release|Any CPU.Build.0 = Release|Any CPU
		{3A11F0AD-3A07-4C58-959A-CB2B29E8F38B}.Release|Mixed Platforms.ActiveCfg = Release|Any CPU
		{3A11F0AD-3A07-4C58-959A-CB2B29E8F38B}.Release|Mixed Platforms.Build.0 = Release|Any CPU
		{3A11F0AD-3A07-4C58-959A-CB2B29E8F38B}.Release|x86.ActiveCfg = Release|Any CPU
	EndGlobalSection
	GlobalSection(SolutionProperties) = preSolution
		HideSolutionNode = FALSE
	EndGlobalSection
EndGlobal
